
Microsoft Visual Studio Solution File, Format Version 12.00
# Visual Studio Version 16
VisualStudioVersion = 16.0.30413.136
MinimumVisualStudioVersion = 10.0.40219.1
Project("{FAE04EC0-301F-11D3-BF4B-00C04F79EFBC}") = "Second Project", "Second Project.csproj", "{0CF703CC-AA0C-4F6A-A5A2-4C76DF935D9F}"
EndProject
Global
	GlobalSection(SolutionConfigurationPlatforms) = preSolution
		Debug|Any CPU = Debug|Any CPU
		Release|Any CPU = Release|Any CPU
	EndGlobalSection
	GlobalSection(ProjectConfigurationPlatforms) = postSolution
		{0CF703CC-AA0C-4F6A-A5A2-4C76DF935D9F}.Debug|Any CPU.ActiveCfg = Debug|Any CPU
		{0CF703CC-AA0C-4F6A-A5A2-4C76DF935D9F}.Debug|Any CPU.Build.0 = Debug|Any CPU
		{0CF703CC-AA0C-4F6A-A5A2-4C76DF935D9F}.Release|Any CPU.ActiveCfg = Release|Any CPU
		{0CF703CC-AA0C-4F6A-A5A2-4C76DF935D9F}.Release|Any CPU.Build.0 = Release|Any CPU
	EndGlobalSection
	GlobalSection(SolutionProperties) = preSolution
		HideSolutionNode = FALSE
	EndGlobalSection
	GlobalSection(ExtensibilityGlobals) = postSolution
		SolutionGuid = {7FFD6CBF-82B9-4B78-913A-DA81EA6C4F9A}
	EndGlobalSection
EndGlobal
